// !$*UTF8*$!
{
	archiveVersion = 1;
	classes = {
	};
	objectVersion = 56;
	objects = {

/* Begin PBXBuildFile section */
		8500B67D2A34DDF4000342F6 /* MythologyView.swift in Sources */ = {isa = PBXBuildFile; fileRef = 8500B67C2A34DDF4000342F6 /* MythologyView.swift */; };
		8500B67F2A34DE0C000342F6 /* MythologyEasy.swift in Sources */ = {isa = PBXBuildFile; fileRef = 8500B67E2A34DE0C000342F6 /* MythologyEasy.swift */; };
		8500B6812A34DE17000342F6 /* MythologyMedium.swift in Sources */ = {isa = PBXBuildFile; fileRef = 8500B6802A34DE17000342F6 /* MythologyMedium.swift */; };
		8500B6832A34DE25000342F6 /* MythologyHard.swift in Sources */ = {isa = PBXBuildFile; fileRef = 8500B6822A34DE25000342F6 /* MythologyHard.swift */; };
		855AC07E2A2F936C005B2BEF /* NetworkServiceHMedium.swift in Sources */ = {isa = PBXBuildFile; fileRef = 855AC07D2A2F936C005B2BEF /* NetworkServiceHMedium.swift */; };
		855AC0802A2F93DD005B2BEF /* HistoryMedium.swift in Sources */ = {isa = PBXBuildFile; fileRef = 855AC07F2A2F93DD005B2BEF /* HistoryMedium.swift */; };
		855AC0822A2F953C005B2BEF /* NetworkSerciceHHard.swift in Sources */ = {isa = PBXBuildFile; fileRef = 855AC0812A2F953B005B2BEF /* NetworkSerciceHHard.swift */; };
		855AC0842A2F9579005B2BEF /* HistoryHard.swift in Sources */ = {isa = PBXBuildFile; fileRef = 855AC0832A2F9579005B2BEF /* HistoryHard.swift */; };
		858742342A3355EC00505C96 /* SavedTrivia.swift in Sources */ = {isa = PBXBuildFile; fileRef = 858742332A3355EC00505C96 /* SavedTrivia.swift */; };
		858742372A3357D700505C96 /* Blackbird in Frameworks */ = {isa = PBXBuildFile; productRef = 858742362A3357D700505C96 /* Blackbird */; };
		858742392A33582900505C96 /* db.sqlite in Resources */ = {isa = PBXBuildFile; fileRef = 858742382A33582900505C96 /* db.sqlite */; };
		8587423B2A33588C00505C96 /* AppDatbase.swift in Sources */ = {isa = PBXBuildFile; fileRef = 8587423A2A33588C00505C96 /* AppDatbase.swift */; };
		8587423F2A335A5200505C96 /* SavedView.swift in Sources */ = {isa = PBXBuildFile; fileRef = 8587423E2A335A5200505C96 /* SavedView.swift */; };
		858742422A337F0600505C96 /* ListView.swift in Sources */ = {isa = PBXBuildFile; fileRef = 858742412A337F0600505C96 /* ListView.swift */; };
		85B1263D2A29224700DC74F9 /* TriviaLeapApp.swift in Sources */ = {isa = PBXBuildFile; fileRef = 85B1263C2A29224700DC74F9 /* TriviaLeapApp.swift */; };
		85B126412A29224C00DC74F9 /* Assets.xcassets in Resources */ = {isa = PBXBuildFile; fileRef = 85B126402A29224C00DC74F9 /* Assets.xcassets */; };
		85B126442A29224C00DC74F9 /* Preview Assets.xcassets in Resources */ = {isa = PBXBuildFile; fileRef = 85B126432A29224C00DC74F9 /* Preview Assets.xcassets */; };
		85B1264B2A2922EB00DC74F9 /* SubjectsView.swift in Sources */ = {isa = PBXBuildFile; fileRef = 85B1264A2A2922EB00DC74F9 /* SubjectsView.swift */; };
		85B1264D2A29234E00DC74F9 /* StatsView.swift in Sources */ = {isa = PBXBuildFile; fileRef = 85B1264C2A29234E00DC74F9 /* StatsView.swift */; };
		85B126512A2BD7E300DC74F9 /* HistoryView.swift in Sources */ = {isa = PBXBuildFile; fileRef = 85B126502A2BD7E200DC74F9 /* HistoryView.swift */; };
		85B126542A2BD95400DC74F9 /* HistoryEasy.swift in Sources */ = {isa = PBXBuildFile; fileRef = 85B126532A2BD95400DC74F9 /* HistoryEasy.swift */; };
		85B1265B2A2BFD7D00DC74F9 /* Trivia.swift in Sources */ = {isa = PBXBuildFile; fileRef = 85B1265A2A2BFD7D00DC74F9 /* Trivia.swift */; };
		85B1265E2A2D06FD00DC74F9 /* NetworkServiceHEasy.swift in Sources */ = {isa = PBXBuildFile; fileRef = 85B1265D2A2D06FC00DC74F9 /* NetworkServiceHEasy.swift */; };
/* End PBXBuildFile section */

/* Begin PBXFileReference section */
		8500B67C2A34DDF4000342F6 /* MythologyView.swift */ = {isa = PBXFileReference; lastKnownFileType = sourcecode.swift; path = MythologyView.swift; sourceTree = "<group>"; };
		8500B67E2A34DE0C000342F6 /* MythologyEasy.swift */ = {isa = PBXFileReference; lastKnownFileType = sourcecode.swift; path = MythologyEasy.swift; sourceTree = "<group>"; };
		8500B6802A34DE17000342F6 /* MythologyMedium.swift */ = {isa = PBXFileReference; lastKnownFileType = sourcecode.swift; path = MythologyMedium.swift; sourceTree = "<group>"; };
		8500B6822A34DE25000342F6 /* MythologyHard.swift */ = {isa = PBXFileReference; lastKnownFileType = sourcecode.swift; path = MythologyHard.swift; sourceTree = "<group>"; };
		855AC07D2A2F936C005B2BEF /* NetworkServiceHMedium.swift */ = {isa = PBXFileReference; lastKnownFileType = sourcecode.swift; path = NetworkServiceHMedium.swift; sourceTree = "<group>"; };
		855AC07F2A2F93DD005B2BEF /* HistoryMedium.swift */ = {isa = PBXFileReference; lastKnownFileType = sourcecode.swift; path = HistoryMedium.swift; sourceTree = "<group>"; };
		855AC0812A2F953B005B2BEF /* NetworkSerciceHHard.swift */ = {isa = PBXFileReference; lastKnownFileType = sourcecode.swift; path = NetworkSerciceHHard.swift; sourceTree = "<group>"; };
		855AC0832A2F9579005B2BEF /* HistoryHard.swift */ = {isa = PBXFileReference; lastKnownFileType = sourcecode.swift; path = HistoryHard.swift; sourceTree = "<group>"; };
		858742332A3355EC00505C96 /* SavedTrivia.swift */ = {isa = PBXFileReference; lastKnownFileType = sourcecode.swift; path = SavedTrivia.swift; sourceTree = "<group>"; };
		858742382A33582900505C96 /* db.sqlite */ = {isa = PBXFileReference; lastKnownFileType = file; path = db.sqlite; sourceTree = "<group>"; };
		8587423A2A33588C00505C96 /* AppDatbase.swift */ = {isa = PBXFileReference; lastKnownFileType = sourcecode.swift; path = AppDatbase.swift; sourceTree = "<group>"; };
		8587423E2A335A5200505C96 /* SavedView.swift */ = {isa = PBXFileReference; lastKnownFileType = sourcecode.swift; path = SavedView.swift; sourceTree = "<group>"; };
		858742412A337F0600505C96 /* ListView.swift */ = {isa = PBXFileReference; lastKnownFileType = sourcecode.swift; path = ListView.swift; sourceTree = "<group>"; };
		85B126392A29224700DC74F9 /* TriviaLeap.app */ = {isa = PBXFileReference; explicitFileType = wrapper.application; includeInIndex = 0; path = TriviaLeap.app; sourceTree = BUILT_PRODUCTS_DIR; };
		85B1263C2A29224700DC74F9 /* TriviaLeapApp.swift */ = {isa = PBXFileReference; lastKnownFileType = sourcecode.swift; path = TriviaLeapApp.swift; sourceTree = "<group>"; };
		85B126402A29224C00DC74F9 /* Assets.xcassets */ = {isa = PBXFileReference; lastKnownFileType = folder.assetcatalog; path = Assets.xcassets; sourceTree = "<group>"; };
		85B126432A29224C00DC74F9 /* Preview Assets.xcassets */ = {isa = PBXFileReference; lastKnownFileType = folder.assetcatalog; path = "Preview Assets.xcassets"; sourceTree = "<group>"; };
		85B1264A2A2922EB00DC74F9 /* SubjectsView.swift */ = {isa = PBXFileReference; lastKnownFileType = sourcecode.swift; path = SubjectsView.swift; sourceTree = "<group>"; };
		85B1264C2A29234E00DC74F9 /* StatsView.swift */ = {isa = PBXFileReference; lastKnownFileType = sourcecode.swift; path = StatsView.swift; sourceTree = "<group>"; };
		85B126502A2BD7E200DC74F9 /* HistoryView.swift */ = {isa = PBXFileReference; lastKnownFileType = sourcecode.swift; path = HistoryView.swift; sourceTree = "<group>"; };
		85B126532A2BD95400DC74F9 /* HistoryEasy.swift */ = {isa = PBXFileReference; lastKnownFileType = sourcecode.swift; path = HistoryEasy.swift; sourceTree = "<group>"; };
		85B1265A2A2BFD7D00DC74F9 /* Trivia.swift */ = {isa = PBXFileReference; lastKnownFileType = sourcecode.swift; path = Trivia.swift; sourceTree = "<group>"; };
		85B1265D2A2D06FC00DC74F9 /* NetworkServiceHEasy.swift */ = {isa = PBXFileReference; lastKnownFileType = sourcecode.swift; path = NetworkServiceHEasy.swift; sourceTree = "<group>"; };
/* End PBXFileReference section */

/* Begin PBXFrameworksBuildPhase section */
		85B126362A29224700DC74F9 /* Frameworks */ = {
			isa = PBXFrameworksBuildPhase;
			buildActionMask = 2147483647;
			files = (
				858742372A3357D700505C96 /* Blackbird in Frameworks */,
			);
			runOnlyForDeploymentPostprocessing = 0;
		};
/* End PBXFrameworksBuildPhase section */

/* Begin PBXGroup section */
		8500B6842A34DE27000342F6 /* Mythology */ = {
			isa = PBXGroup;
			children = (
				8500B67E2A34DE0C000342F6 /* MythologyEasy.swift */,
				8500B6802A34DE17000342F6 /* MythologyMedium.swift */,
				8500B6822A34DE25000342F6 /* MythologyHard.swift */,
			);
			path = Mythology;
			sourceTree = "<group>";
		};
		8500B6852A34DE2F000342F6 /* History */ = {
			isa = PBXGroup;
			children = (
				85B126532A2BD95400DC74F9 /* HistoryEasy.swift */,
				855AC07F2A2F93DD005B2BEF /* HistoryMedium.swift */,
				855AC0832A2F9579005B2BEF /* HistoryHard.swift */,
			);
			path = History;
			sourceTree = "<group>";
		};
		855AC07C2A2F9344005B2BEF /* History */ = {
			isa = PBXGroup;
			children = (
				85B1265D2A2D06FC00DC74F9 /* NetworkServiceHEasy.swift */,
				855AC07D2A2F936C005B2BEF /* NetworkServiceHMedium.swift */,
				855AC0812A2F953B005B2BEF /* NetworkSerciceHHard.swift */,
			);
			path = History;
			sourceTree = "<group>";
		};
		858742402A33755A00505C96 /* Abstraction */ = {
			isa = PBXGroup;
			children = (
				858742412A337F0600505C96 /* ListView.swift */,
			);
			path = Abstraction;
			sourceTree = "<group>";
		};
		85B126302A29224600DC74F9 = {
			isa = PBXGroup;
			children = (
				85B1263B2A29224700DC74F9 /* TriviaLeap */,
				85B1263A2A29224700DC74F9 /* Products */,
			);
			sourceTree = "<group>";
		};
		85B1263A2A29224700DC74F9 /* Products */ = {
			isa = PBXGroup;
			children = (
				85B126392A29224700DC74F9 /* TriviaLeap.app */,
			);
			name = Products;
			sourceTree = "<group>";
		};
		85B1263B2A29224700DC74F9 /* TriviaLeap */ = {
			isa = PBXGroup;
			children = (
				85B1263C2A29224700DC74F9 /* TriviaLeapApp.swift */,
				85B1265C2A2D06C700DC74F9 /* Helpers */,
				85B126592A2BFD5800DC74F9 /* Model */,
				85B1264E2A2925FF00DC74F9 /* Views */,
				85B126402A29224C00DC74F9 /* Assets.xcassets */,
				85B126422A29224C00DC74F9 /* Preview Content */,
			);
			path = TriviaLeap;
			sourceTree = "<group>";
		};
		85B126422A29224C00DC74F9 /* Preview Content */ = {
			isa = PBXGroup;
			children = (
				85B126432A29224C00DC74F9 /* Preview Assets.xcassets */,
			);
			path = "Preview Content";
			sourceTree = "<group>";
		};
		85B1264E2A2925FF00DC74F9 /* Views */ = {
			isa = PBXGroup;
			children = (
				85B1264A2A2922EB00DC74F9 /* SubjectsView.swift */,
				85B1264C2A29234E00DC74F9 /* StatsView.swift */,
				8587423E2A335A5200505C96 /* SavedView.swift */,
				85B1264F2A2BD7A500DC74F9 /* Second Views */,
			);
			path = Views;
			sourceTree = "<group>";
		};
		85B1264F2A2BD7A500DC74F9 /* Second Views */ = {
			isa = PBXGroup;
			children = (
				85B126502A2BD7E200DC74F9 /* HistoryView.swift */,
				8500B67C2A34DDF4000342F6 /* MythologyView.swift */,
				85B126522A2BD93F00DC74F9 /* Third Views */,
			);
			path = "Second Views";
			sourceTree = "<group>";
		};
		85B126522A2BD93F00DC74F9 /* Third Views */ = {
			isa = PBXGroup;
			children = (
				8500B6852A34DE2F000342F6 /* History */,
				8500B6842A34DE27000342F6 /* Mythology */,
			);
			path = "Third Views";
			sourceTree = "<group>";
		};
		85B126592A2BFD5800DC74F9 /* Model */ = {
			isa = PBXGroup;
			children = (
				858742382A33582900505C96 /* db.sqlite */,
				85B1265A2A2BFD7D00DC74F9 /* Trivia.swift */,
				858742332A3355EC00505C96 /* SavedTrivia.swift */,
			);
			path = Model;
			sourceTree = "<group>";
		};
		85B1265C2A2D06C700DC74F9 /* Helpers */ = {
			isa = PBXGroup;
			children = (
				858742402A33755A00505C96 /* Abstraction */,
				8587423A2A33588C00505C96 /* AppDatbase.swift */,
				855AC07C2A2F9344005B2BEF /* History */,
			);
			path = Helpers;
			sourceTree = "<group>";
		};
/* End PBXGroup section */

/* Begin PBXNativeTarget section */
		85B126382A29224700DC74F9 /* TriviaLeap */ = {
			isa = PBXNativeTarget;
			buildConfigurationList = 85B126472A29224C00DC74F9 /* Build configuration list for PBXNativeTarget "TriviaLeap" */;
			buildPhases = (
				85B126352A29224700DC74F9 /* Sources */,
				85B126362A29224700DC74F9 /* Frameworks */,
				85B126372A29224700DC74F9 /* Resources */,
			);
			buildRules = (
			);
			dependencies = (
			);
			name = TriviaLeap;
			packageProductDependencies = (
				858742362A3357D700505C96 /* Blackbird */,
			);
			productName = TriviaLeap;
			productReference = 85B126392A29224700DC74F9 /* TriviaLeap.app */;
			productType = "com.apple.product-type.application";
		};
/* End PBXNativeTarget section */

/* Begin PBXProject section */
		85B126312A29224600DC74F9 /* Project object */ = {
			isa = PBXProject;
			attributes = {
				BuildIndependentTargetsInParallel = 1;
				LastSwiftUpdateCheck = 1420;
				LastUpgradeCheck = 1420;
				TargetAttributes = {
					85B126382A29224700DC74F9 = {
						CreatedOnToolsVersion = 14.2;
					};
				};
			};
			buildConfigurationList = 85B126342A29224600DC74F9 /* Build configuration list for PBXProject "TriviaLeap" */;
			compatibilityVersion = "Xcode 14.0";
			developmentRegion = en;
			hasScannedForEncodings = 0;
			knownRegions = (
				en,
				Base,
			);
			mainGroup = 85B126302A29224600DC74F9;
			packageReferences = (
				858742352A3357D600505C96 /* XCRemoteSwiftPackageReference "Blackbird" */,
			);
			productRefGroup = 85B1263A2A29224700DC74F9 /* Products */;
			projectDirPath = "";
			projectRoot = "";
			targets = (
				85B126382A29224700DC74F9 /* TriviaLeap */,
			);
		};
/* End PBXProject section */

/* Begin PBXResourcesBuildPhase section */
		85B126372A29224700DC74F9 /* Resources */ = {
			isa = PBXResourcesBuildPhase;
			buildActionMask = 2147483647;
			files = (
				85B126442A29224C00DC74F9 /* Preview Assets.xcassets in Resources */,
				858742392A33582900505C96 /* db.sqlite in Resources */,
				85B126412A29224C00DC74F9 /* Assets.xcassets in Resources */,
			);
			runOnlyForDeploymentPostprocessing = 0;
		};
/* End PBXResourcesBuildPhase section */

/* Begin PBXSourcesBuildPhase section */
		85B126352A29224700DC74F9 /* Sources */ = {
			isa = PBXSourcesBuildPhase;
			buildActionMask = 2147483647;
			files = (
				855AC0802A2F93DD005B2BEF /* HistoryMedium.swift in Sources */,
				85B126542A2BD95400DC74F9 /* HistoryEasy.swift in Sources */,
				858742422A337F0600505C96 /* ListView.swift in Sources */,
				8500B6812A34DE17000342F6 /* MythologyMedium.swift in Sources */,
				85B1264B2A2922EB00DC74F9 /* SubjectsView.swift in Sources */,
				855AC0822A2F953C005B2BEF /* NetworkSerciceHHard.swift in Sources */,
				8500B67D2A34DDF4000342F6 /* MythologyView.swift in Sources */,
				855AC07E2A2F936C005B2BEF /* NetworkServiceHMedium.swift in Sources */,
				85B126512A2BD7E300DC74F9 /* HistoryView.swift in Sources */,
				85B1265E2A2D06FD00DC74F9 /* NetworkServiceHEasy.swift in Sources */,
				8500B67F2A34DE0C000342F6 /* MythologyEasy.swift in Sources */,
				85B1263D2A29224700DC74F9 /* TriviaLeapApp.swift in Sources */,
				8587423B2A33588C00505C96 /* AppDatbase.swift in Sources */,
				85B1265B2A2BFD7D00DC74F9 /* Trivia.swift in Sources */,
				85B1264D2A29234E00DC74F9 /* StatsView.swift in Sources */,
				8587423F2A335A5200505C96 /* SavedView.swift in Sources */,
				8500B6832A34DE25000342F6 /* MythologyHard.swift in Sources */,
				858742342A3355EC00505C96 /* SavedTrivia.swift in Sources */,
				855AC0842A2F9579005B2BEF /* HistoryHard.swift in Sources */,
			);
			runOnlyForDeploymentPostprocessing = 0;
		};
/* End PBXSourcesBuildPhase section */

/* Begin XCBuildConfiguration section */
		85B126452A29224C00DC74F9 /* Debug */ = {
			isa = XCBuildConfiguration;
			buildSettings = {
				ALWAYS_SEARCH_USER_PATHS = NO;
				CLANG_ANALYZER_NONNULL = YES;
				CLANG_ANALYZER_NUMBER_OBJECT_CONVERSION = YES_AGGRESSIVE;
				CLANG_CXX_LANGUAGE_STANDARD = "gnu++20";
				CLANG_ENABLE_MODULES = YES;
				CLANG_ENABLE_OBJC_ARC = YES;
				CLANG_ENABLE_OBJC_WEAK = YES;
				CLANG_WARN_BLOCK_CAPTURE_AUTORELEASING = YES;
				CLANG_WARN_BOOL_CONVERSION = YES;
				CLANG_WARN_COMMA = YES;
				CLANG_WARN_CONSTANT_CONVERSION = YES;
				CLANG_WARN_DEPRECATED_OBJC_IMPLEMENTATIONS = YES;
				CLANG_WARN_DIRECT_OBJC_ISA_USAGE = YES_ERROR;
				CLANG_WARN_DOCUMENTATION_COMMENTS = YES;
				CLANG_WARN_EMPTY_BODY = YES;
				CLANG_WARN_ENUM_CONVERSION = YES;
				CLANG_WARN_INFINITE_RECURSION = YES;
				CLANG_WARN_INT_CONVERSION = YES;
				CLANG_WARN_NON_LITERAL_NULL_CONVERSION = YES;
				CLANG_WARN_OBJC_IMPLICIT_RETAIN_SELF = YES;
				CLANG_WARN_OBJC_LITERAL_CONVERSION = YES;
				CLANG_WARN_OBJC_ROOT_CLASS = YES_ERROR;
				CLANG_WARN_QUOTED_INCLUDE_IN_FRAMEWORK_HEADER = YES;
				CLANG_WARN_RANGE_LOOP_ANALYSIS = YES;
				CLANG_WARN_STRICT_PROTOTYPES = YES;
				CLANG_WARN_SUSPICIOUS_MOVE = YES;
				CLANG_WARN_UNGUARDED_AVAILABILITY = YES_AGGRESSIVE;
				CLANG_WARN_UNREACHABLE_CODE = YES;
				CLANG_WARN__DUPLICATE_METHOD_MATCH = YES;
				COPY_PHASE_STRIP = NO;
				DEBUG_INFORMATION_FORMAT = dwarf;
				ENABLE_STRICT_OBJC_MSGSEND = YES;
				ENABLE_TESTABILITY = YES;
				GCC_C_LANGUAGE_STANDARD = gnu11;
				GCC_DYNAMIC_NO_PIC = NO;
				GCC_NO_COMMON_BLOCKS = YES;
				GCC_OPTIMIZATION_LEVEL = 0;
				GCC_PREPROCESSOR_DEFINITIONS = (
					"DEBUG=1",
					"$(inherited)",
				);
				GCC_WARN_64_TO_32_BIT_CONVERSION = YES;
				GCC_WARN_ABOUT_RETURN_TYPE = YES_ERROR;
				GCC_WARN_UNDECLARED_SELECTOR = YES;
				GCC_WARN_UNINITIALIZED_AUTOS = YES_AGGRESSIVE;
				GCC_WARN_UNUSED_FUNCTION = YES;
				GCC_WARN_UNUSED_VARIABLE = YES;
				IPHONEOS_DEPLOYMENT_TARGET = 16.2;
				MTL_ENABLE_DEBUG_INFO = INCLUDE_SOURCE;
				MTL_FAST_MATH = YES;
				ONLY_ACTIVE_ARCH = YES;
				SDKROOT = iphoneos;
				SWIFT_ACTIVE_COMPILATION_CONDITIONS = DEBUG;
				SWIFT_OPTIMIZATION_LEVEL = "-Onone";
			};
			name = Debug;
		};
		85B126462A29224C00DC74F9 /* Release */ = {
			isa = XCBuildConfiguration;
			buildSettings = {
				ALWAYS_SEARCH_USER_PATHS = NO;
				CLANG_ANALYZER_NONNULL = YES;
				CLANG_ANALYZER_NUMBER_OBJECT_CONVERSION = YES_AGGRESSIVE;
				CLANG_CXX_LANGUAGE_STANDARD = "gnu++20";
				CLANG_ENABLE_MODULES = YES;
				CLANG_ENABLE_OBJC_ARC = YES;
				CLANG_ENABLE_OBJC_WEAK = YES;
				CLANG_WARN_BLOCK_CAPTURE_AUTORELEASING = YES;
				CLANG_WARN_BOOL_CONVERSION = YES;
				CLANG_WARN_COMMA = YES;
				CLANG_WARN_CONSTANT_CONVERSION = YES;
				CLANG_WARN_DEPRECATED_OBJC_IMPLEMENTATIONS = YES;
				CLANG_WARN_DIRECT_OBJC_ISA_USAGE = YES_ERROR;
				CLANG_WARN_DOCUMENTATION_COMMENTS = YES;
				CLANG_WARN_EMPTY_BODY = YES;
				CLANG_WARN_ENUM_CONVERSION = YES;
				CLANG_WARN_INFINITE_RECURSION = YES;
				CLANG_WARN_INT_CONVERSION = YES;
				CLANG_WARN_NON_LITERAL_NULL_CONVERSION = YES;
				CLANG_WARN_OBJC_IMPLICIT_RETAIN_SELF = YES;
				CLANG_WARN_OBJC_LITERAL_CONVERSION = YES;
				CLANG_WARN_OBJC_ROOT_CLASS = YES_ERROR;
				CLANG_WARN_QUOTED_INCLUDE_IN_FRAMEWORK_HEADER = YES;
				CLANG_WARN_RANGE_LOOP_ANALYSIS = YES;
				CLANG_WARN_STRICT_PROTOTYPES = YES;
				CLANG_WARN_SUSPICIOUS_MOVE = YES;
				CLANG_WARN_UNGUARDED_AVAILABILITY = YES_AGGRESSIVE;
				CLANG_WARN_UNREACHABLE_CODE = YES;
				CLANG_WARN__DUPLICATE_METHOD_MATCH = YES;
				COPY_PHASE_STRIP = NO;
				DEBUG_INFORMATION_FORMAT = "dwarf-with-dsym";
				ENABLE_NS_ASSERTIONS = NO;
				ENABLE_STRICT_OBJC_MSGSEND = YES;
				GCC_C_LANGUAGE_STANDARD = gnu11;
				GCC_NO_COMMON_BLOCKS = YES;
				GCC_WARN_64_TO_32_BIT_CONVERSION = YES;
				GCC_WARN_ABOUT_RETURN_TYPE = YES_ERROR;
				GCC_WARN_UNDECLARED_SELECTOR = YES;
				GCC_WARN_UNINITIALIZED_AUTOS = YES_AGGRESSIVE;
				GCC_WARN_UNUSED_FUNCTION = YES;
				GCC_WARN_UNUSED_VARIABLE = YES;
				IPHONEOS_DEPLOYMENT_TARGET = 16.2;
				MTL_ENABLE_DEBUG_INFO = NO;
				MTL_FAST_MATH = YES;
				SDKROOT = iphoneos;
				SWIFT_COMPILATION_MODE = wholemodule;
				SWIFT_OPTIMIZATION_LEVEL = "-O";
				VALIDATE_PRODUCT = YES;
			};
			name = Release;
		};
		85B126482A29224C00DC74F9 /* Debug */ = {
			isa = XCBuildConfiguration;
			buildSettings = {
				ASSETCATALOG_COMPILER_APPICON_NAME = AppIcon;
				ASSETCATALOG_COMPILER_GLOBAL_ACCENT_COLOR_NAME = AccentColor;
				CODE_SIGN_STYLE = Automatic;
				CURRENT_PROJECT_VERSION = 1;
				DEVELOPMENT_ASSET_PATHS = "\"TriviaLeap/Preview Content\"";
				DEVELOPMENT_TEAM = 2SK9252V3L;
				ENABLE_PREVIEWS = YES;
				GENERATE_INFOPLIST_FILE = YES;
				INFOPLIST_KEY_UIApplicationSceneManifest_Generation = YES;
				INFOPLIST_KEY_UIApplicationSupportsIndirectInputEvents = YES;
				INFOPLIST_KEY_UILaunchScreen_Generation = YES;
				INFOPLIST_KEY_UISupportedInterfaceOrientations_iPad = "UIInterfaceOrientationPortrait UIInterfaceOrientationPortraitUpsideDown UIInterfaceOrientationLandscapeLeft UIInterfaceOrientationLandscapeRight";
				INFOPLIST_KEY_UISupportedInterfaceOrientations_iPhone = "UIInterfaceOrientationPortrait UIInterfaceOrientationLandscapeLeft UIInterfaceOrientationLandscapeRight";
				LD_RUNPATH_SEARCH_PATHS = (
					"$(inherited)",
					"@executable_path/Frameworks",
				);
				MARKETING_VERSION = 1.0;
				PRODUCT_BUNDLE_IDENTIFIER = ca.khanisaad.TriviaLeap;
				PRODUCT_NAME = "$(TARGET_NAME)";
				SWIFT_EMIT_LOC_STRINGS = YES;
				SWIFT_VERSION = 5.0;
				TARGETED_DEVICE_FAMILY = "1,2";
			};
			name = Debug;
		};
		85B126492A29224C00DC74F9 /* Release */ = {
			isa = XCBuildConfiguration;
			buildSettings = {
				ASSETCATALOG_COMPILER_APPICON_NAME = AppIcon;
				ASSETCATALOG_COMPILER_GLOBAL_ACCENT_COLOR_NAME = AccentColor;
				CODE_SIGN_STYLE = Automatic;
				CURRENT_PROJECT_VERSION = 1;
				DEVELOPMENT_ASSET_PATHS = "\"TriviaLeap/Preview Content\"";
				DEVELOPMENT_TEAM = 2SK9252V3L;
				ENABLE_PREVIEWS = YES;
				GENERATE_INFOPLIST_FILE = YES;
				INFOPLIST_KEY_UIApplicationSceneManifest_Generation = YES;
				INFOPLIST_KEY_UIApplicationSupportsIndirectInputEvents = YES;
				INFOPLIST_KEY_UILaunchScreen_Generation = YES;
				INFOPLIST_KEY_UISupportedInterfaceOrientations_iPad = "UIInterfaceOrientationPortrait UIInterfaceOrientationPortraitUpsideDown UIInterfaceOrientationLandscapeLeft UIInterfaceOrientationLandscapeRight";
				INFOPLIST_KEY_UISupportedInterfaceOrientations_iPhone = "UIInterfaceOrientationPortrait UIInterfaceOrientationLandscapeLeft UIInterfaceOrientationLandscapeRight";
				LD_RUNPATH_SEARCH_PATHS = (
					"$(inherited)",
					"@executable_path/Frameworks",
				);
				MARKETING_VERSION = 1.0;
				PRODUCT_BUNDLE_IDENTIFIER = ca.khanisaad.TriviaLeap;
				PRODUCT_NAME = "$(TARGET_NAME)";
				SWIFT_EMIT_LOC_STRINGS = YES;
				SWIFT_VERSION = 5.0;
				TARGETED_DEVICE_FAMILY = "1,2";
			};
			name = Release;
		};
/* End XCBuildConfiguration section */

/* Begin XCConfigurationList section */
		85B126342A29224600DC74F9 /* Build configuration list for PBXProject "TriviaLeap" */ = {
			isa = XCConfigurationList;
			buildConfigurations = (
				85B126452A29224C00DC74F9 /* Debug */,
				85B126462A29224C00DC74F9 /* Release */,
			);
			defaultConfigurationIsVisible = 0;
			defaultConfigurationName = Release;
		};
		85B126472A29224C00DC74F9 /* Build configuration list for PBXNativeTarget "TriviaLeap" */ = {
			isa = XCConfigurationList;
			buildConfigurations = (
				85B126482A29224C00DC74F9 /* Debug */,
				85B126492A29224C00DC74F9 /* Release */,
			);
			defaultConfigurationIsVisible = 0;
			defaultConfigurationName = Release;
		};
/* End XCConfigurationList section */

/* Begin XCRemoteSwiftPackageReference section */
		858742352A3357D600505C96 /* XCRemoteSwiftPackageReference "Blackbird" */ = {
			isa = XCRemoteSwiftPackageReference;
			repositoryURL = "https://github.com/marcoarment/Blackbird";
			requirement = {
				branch = main;
				kind = branch;
			};
		};
/* End XCRemoteSwiftPackageReference section */

/* Begin XCSwiftPackageProductDependency section */
		858742362A3357D700505C96 /* Blackbird */ = {
			isa = XCSwiftPackageProductDependency;
			package = 858742352A3357D600505C96 /* XCRemoteSwiftPackageReference "Blackbird" */;
			productName = Blackbird;
		};
/* End XCSwiftPackageProductDependency section */
	};
	rootObject = 85B126312A29224600DC74F9 /* Project object */;
}
